
Microsoft Visual Studio Solution File, Format Version 12.00
# Visual Studio Version 16
VisualStudioVersion = 16.0.30413.136
MinimumVisualStudioVersion = 10.0.40219.1
Project("{FAE04EC0-301F-11D3-BF4B-00C04F79EFBC}") = "bourse", "bourse\bourse.csproj", "{F118DE74-A797-4063-AC6C-44A11D97EC3A}"
EndProject
Global
	GlobalSection(SolutionConfigurationPlatforms) = preSolution
		Debug|Any CPU = Debug|Any CPU
		Release|Any CPU = Release|Any CPU
	EndGlobalSection
	GlobalSection(ProjectConfigurationPlatforms) = postSolution
		{F118DE74-A797-4063-AC6C-44A11D97EC3A}.Debug|Any CPU.ActiveCfg = Debug|Any CPU
		{F118DE74-A797-4063-AC6C-44A11D97EC3A}.Debug|Any CPU.Build.0 = Debug|Any CPU
		{F118DE74-A797-4063-AC6C-44A11D97EC3A}.Release|Any CPU.ActiveCfg = Release|Any CPU
		{F118DE74-A797-4063-AC6C-44A11D97EC3A}.Release|Any CPU.Build.0 = Release|Any CPU
	EndGlobalSection
	GlobalSection(SolutionProperties) = preSolution
		HideSolutionNode = FALSE
	EndGlobalSection
	GlobalSection(ExtensibilityGlobals) = postSolution
		SolutionGuid = {37712656-C261-46F7-BFD1-A4F85FEFCDBB}
	EndGlobalSection
EndGlobal
